
Microsoft Visual Studio Solution File, Format Version 12.00
# Visual Studio Version 17
VisualStudioVersion = 17.2.32602.215
MinimumVisualStudioVersion = 10.0.40219.1
Project("{9A19103F-16F7-4668-BE54-9A1E7A4F7556}") = "IdentityJWT", "IdentityJWT\IdentityJWT.csproj", "{D643397D-03BE-45AE-90B3-2B8807F39708}"
EndProject
Project("{FAE04EC0-301F-11D3-BF4B-00C04F79EFBC}") = "Data", "Data\Data.csproj", "{09CCCF1B-7E8F-468D-85AB-4B7EAD148B24}"
EndProject
Global
	GlobalSection(SolutionConfigurationPlatforms) = preSolution
		Debug|Any CPU = Debug|Any CPU
		Release|Any CPU = Release|Any CPU
	EndGlobalSection
	GlobalSection(ProjectConfigurationPlatforms) = postSolution
		{D643397D-03BE-45AE-90B3-2B8807F39708}.Debug|Any CPU.ActiveCfg = Debug|Any CPU
		{D643397D-03BE-45AE-90B3-2B8807F39708}.Debug|Any CPU.Build.0 = Debug|Any CPU
		{D643397D-03BE-45AE-90B3-2B8807F39708}.Release|Any CPU.ActiveCfg = Release|Any CPU
		{D643397D-03BE-45AE-90B3-2B8807F39708}.Release|Any CPU.Build.0 = Release|Any CPU
		{09CCCF1B-7E8F-468D-85AB-4B7EAD148B24}.Debug|Any CPU.ActiveCfg = Debug|Any CPU
		{09CCCF1B-7E8F-468D-85AB-4B7EAD148B24}.Debug|Any CPU.Build.0 = Debug|Any CPU
		{09CCCF1B-7E8F-468D-85AB-4B7EAD148B24}.Release|Any CPU.ActiveCfg = Release|Any CPU
		{09CCCF1B-7E8F-468D-85AB-4B7EAD148B24}.Release|Any CPU.Build.0 = Release|Any CPU
	EndGlobalSection
	GlobalSection(SolutionProperties) = preSolution
		HideSolutionNode = FALSE
	EndGlobalSection
	GlobalSection(ExtensibilityGlobals) = postSolution
		SolutionGuid = {654C3CD5-15B1-4FAA-811C-8ED488044B4F}
	EndGlobalSection
EndGlobal
